
Microsoft Visual Studio Solution File, Format Version 12.00
# Visual Studio Version 16
VisualStudioVersion = 16.0.28729.10
MinimumVisualStudioVersion = 16.0.28729.10
Project("{2150E333-8FDC-42A3-9474-1A3956D46DE8}") = "Source", "Source", "{DAED8494-AC8A-4C67-A8F1-616D95ECC302}"
	ProjectSection(SolutionItems) = preProject
		src\Directory.Build.props = src\Directory.Build.props
		src\Directory.Build.targets = src\Directory.Build.targets
	EndProjectSection
# Visual Studio 15
VisualStudioVersion = 15.0.26124.0
MinimumVisualStudioVersion = 15.0.26124.0
Project("{2150E333-8FDC-42A3-9474-1A3956D46DE8}") = "src", "src", "{E740D4A6-8680-47B2-8125-BD66D99913CC}"
EndProject
Project("{FAE04EC0-301F-11D3-BF4B-00C04F79EFBC}") = "xunit3.execution.common", "src\xunit3.execution.common\xunit3.execution.common.csproj", "{15F7D0EB-635F-4259-88AC-D93E0E3B33F8}"
EndProject
Project("{FAE04EC0-301F-11D3-BF4B-00C04F79EFBC}") = "xunit3.execution.netcore", "src\xunit3.execution.netcore\xunit3.execution.netcore.csproj", "{1658292F-BAA8-49E1-8624-AAE5C3EAC6E4}"
EndProject
Project("{FAE04EC0-301F-11D3-BF4B-00C04F79EFBC}") = "xunit3.execution.netfx", "src\xunit3.execution.netfx\xunit3.execution.netfx.csproj", "{4BB1045E-AAEE-4517-BABB-46BF547119D1}"
EndProject
Project("{FAE04EC0-301F-11D3-BF4B-00C04F79EFBC}") = "xunit3.framework", "src\xunit3.framework\xunit3.framework.csproj", "{7E969EF3-D364-4E68-BE53-E12105BFA68A}"
EndProject
Project("{FAE04EC0-301F-11D3-BF4B-00C04F79EFBC}") = "xunit3.runner.netcore", "src\xunit3.runner.netcore\xunit3.runner.netcore.csproj", "{73484314-58EF-4528-BCC4-964157C209D2}"
EndProject
Project("{FAE04EC0-301F-11D3-BF4B-00C04F79EFBC}") = "xunit3.runner.netfx", "src\xunit3.runner.netfx\xunit3.runner.netfx.csproj", "{E8A8557B-E8F6-4E4A-BCAE-0CC5248587FC}"
EndProject
Project("{2150E333-8FDC-42A3-9474-1A3956D46DE8}") = "test", "test", "{40036C80-C80F-42AE-9C9D-88BA08D98202}"
EndProject
Project("{FAE04EC0-301F-11D3-BF4B-00C04F79EFBC}") = "xunit3.framework.test", "test\xunit3.framework.test\xunit3.framework.test.csproj", "{D015AAEC-7AB1-448F-B00E-F9B77B0B1B9E}"
EndProject
Global
	GlobalSection(SolutionConfigurationPlatforms) = preSolution
		Debug|Any CPU = Debug|Any CPU
		Release|Any CPU = Release|Any CPU
	EndGlobalSection
	GlobalSection(ProjectConfigurationPlatforms) = postSolution
		{05CC6B6D-5A70-4B82-8118-49A89A70C425}.Debug|Any CPU.ActiveCfg = Debug|Any CPU
		{05CC6B6D-5A70-4B82-8118-49A89A70C425}.Debug|Any CPU.Build.0 = Debug|Any CPU
		{05CC6B6D-5A70-4B82-8118-49A89A70C425}.Release|Any CPU.ActiveCfg = Release|Any CPU
		{05CC6B6D-5A70-4B82-8118-49A89A70C425}.Release|Any CPU.Build.0 = Release|Any CPU
		{BFCD161A-39C9-4AFE-B088-E0783CC5F700}.Debug|Any CPU.ActiveCfg = Debug|Any CPU
		{BFCD161A-39C9-4AFE-B088-E0783CC5F700}.Debug|Any CPU.Build.0 = Debug|Any CPU
		{BFCD161A-39C9-4AFE-B088-E0783CC5F700}.Release|Any CPU.ActiveCfg = Release|Any CPU
		{BFCD161A-39C9-4AFE-B088-E0783CC5F700}.Release|Any CPU.Build.0 = Release|Any CPU
		{CC208E27-8D87-47BA-94E9-C12927E95E8D}.Debug|Any CPU.ActiveCfg = Debug|Any CPU
		{CC208E27-8D87-47BA-94E9-C12927E95E8D}.Debug|Any CPU.Build.0 = Debug|Any CPU
		{CC208E27-8D87-47BA-94E9-C12927E95E8D}.Release|Any CPU.ActiveCfg = Release|Any CPU
		{CC208E27-8D87-47BA-94E9-C12927E95E8D}.Release|Any CPU.Build.0 = Release|Any CPU
		{50C6C0D7-C66D-4CBF-A25A-01CF24D51957}.Debug|Any CPU.ActiveCfg = Debug|Any CPU
		{50C6C0D7-C66D-4CBF-A25A-01CF24D51957}.Debug|Any CPU.Build.0 = Debug|Any CPU
		{50C6C0D7-C66D-4CBF-A25A-01CF24D51957}.Release|Any CPU.ActiveCfg = Release|Any CPU
		{50C6C0D7-C66D-4CBF-A25A-01CF24D51957}.Release|Any CPU.Build.0 = Release|Any CPU
		{267535E5-BCF5-4B1F-9055-72F3B81BB94B}.Debug|Any CPU.ActiveCfg = Debug|Any CPU
		{267535E5-BCF5-4B1F-9055-72F3B81BB94B}.Debug|Any CPU.Build.0 = Debug|Any CPU
		{267535E5-BCF5-4B1F-9055-72F3B81BB94B}.Release|Any CPU.ActiveCfg = Release|Any CPU
		{267535E5-BCF5-4B1F-9055-72F3B81BB94B}.Release|Any CPU.Build.0 = Release|Any CPU
		{6EA687A0-8EEC-4487-B022-B590058F35DE}.Debug|Any CPU.ActiveCfg = Debug|Any CPU
		{6EA687A0-8EEC-4487-B022-B590058F35DE}.Debug|Any CPU.Build.0 = Debug|Any CPU
		{6EA687A0-8EEC-4487-B022-B590058F35DE}.Release|Any CPU.ActiveCfg = Release|Any CPU
		{6EA687A0-8EEC-4487-B022-B590058F35DE}.Release|Any CPU.Build.0 = Release|Any CPU
		{B1AB870D-C931-4DC5-AF08-8D0EA15721B7}.Debug|Any CPU.ActiveCfg = Debug|Any CPU
		{B1AB870D-C931-4DC5-AF08-8D0EA15721B7}.Debug|Any CPU.Build.0 = Debug|Any CPU
		{B1AB870D-C931-4DC5-AF08-8D0EA15721B7}.Release|Any CPU.ActiveCfg = Release|Any CPU
		{B1AB870D-C931-4DC5-AF08-8D0EA15721B7}.Release|Any CPU.Build.0 = Release|Any CPU
		{6F9F2C9B-EAF8-4E2D-B26F-8D4FBBB70DCA}.Debug|Any CPU.ActiveCfg = Debug|Any CPU
		{6F9F2C9B-EAF8-4E2D-B26F-8D4FBBB70DCA}.Debug|Any CPU.Build.0 = Debug|Any CPU
		{6F9F2C9B-EAF8-4E2D-B26F-8D4FBBB70DCA}.Release|Any CPU.ActiveCfg = Release|Any CPU
		{6F9F2C9B-EAF8-4E2D-B26F-8D4FBBB70DCA}.Release|Any CPU.Build.0 = Release|Any CPU
		{755FD892-47E3-4F68-B612-DCABB1CD5C93}.Debug|Any CPU.ActiveCfg = Debug|Any CPU
		{755FD892-47E3-4F68-B612-DCABB1CD5C93}.Debug|Any CPU.Build.0 = Debug|Any CPU
		{755FD892-47E3-4F68-B612-DCABB1CD5C93}.Release|Any CPU.ActiveCfg = Release|Any CPU
		{755FD892-47E3-4F68-B612-DCABB1CD5C93}.Release|Any CPU.Build.0 = Release|Any CPU
		{B9FA92D5-FDD1-4521-93B6-7BD28711209B}.Debug|Any CPU.ActiveCfg = Debug|Any CPU
		{B9FA92D5-FDD1-4521-93B6-7BD28711209B}.Debug|Any CPU.Build.0 = Debug|Any CPU
		{B9FA92D5-FDD1-4521-93B6-7BD28711209B}.Release|Any CPU.ActiveCfg = Release|Any CPU
		{B9FA92D5-FDD1-4521-93B6-7BD28711209B}.Release|Any CPU.Build.0 = Release|Any CPU
		{6A997545-19C4-46C6-8F25-67E5938B79C9}.Debug|Any CPU.ActiveCfg = Debug|Any CPU
		{6A997545-19C4-46C6-8F25-67E5938B79C9}.Debug|Any CPU.Build.0 = Debug|Any CPU
		{6A997545-19C4-46C6-8F25-67E5938B79C9}.Release|Any CPU.ActiveCfg = Release|Any CPU
		{6A997545-19C4-46C6-8F25-67E5938B79C9}.Release|Any CPU.Build.0 = Release|Any CPU
		{61615231-0BD8-43FA-903E-27F5A5A5E3F6}.Debug|Any CPU.ActiveCfg = Debug|Any CPU
		{61615231-0BD8-43FA-903E-27F5A5A5E3F6}.Debug|Any CPU.Build.0 = Debug|Any CPU
		{61615231-0BD8-43FA-903E-27F5A5A5E3F6}.Release|Any CPU.ActiveCfg = Release|Any CPU
		{61615231-0BD8-43FA-903E-27F5A5A5E3F6}.Release|Any CPU.Build.0 = Release|Any CPU
		{1D8C8259-A9C6-4698-8FF5-0BA00FDB7478}.Debug|Any CPU.ActiveCfg = Debug|Any CPU
		{1D8C8259-A9C6-4698-8FF5-0BA00FDB7478}.Debug|Any CPU.Build.0 = Debug|Any CPU
		{1D8C8259-A9C6-4698-8FF5-0BA00FDB7478}.Release|Any CPU.ActiveCfg = Release|Any CPU
		{1D8C8259-A9C6-4698-8FF5-0BA00FDB7478}.Release|Any CPU.Build.0 = Release|Any CPU
		{D2EAB5B1-1E8B-48CB-BCB7-7EAE91AD497B}.Debug|Any CPU.ActiveCfg = Debug|Any CPU
		{D2EAB5B1-1E8B-48CB-BCB7-7EAE91AD497B}.Debug|Any CPU.Build.0 = Debug|Any CPU
		{D2EAB5B1-1E8B-48CB-BCB7-7EAE91AD497B}.Release|Any CPU.ActiveCfg = Release|Any CPU
		{D2EAB5B1-1E8B-48CB-BCB7-7EAE91AD497B}.Release|Any CPU.Build.0 = Release|Any CPU
		{5123DDAC-E0D4-4009-8DE9-9F538D9611D5}.Debug|Any CPU.ActiveCfg = Debug|Any CPU
		{5123DDAC-E0D4-4009-8DE9-9F538D9611D5}.Debug|Any CPU.Build.0 = Debug|Any CPU
		{5123DDAC-E0D4-4009-8DE9-9F538D9611D5}.Release|Any CPU.ActiveCfg = Release|Any CPU
		{5123DDAC-E0D4-4009-8DE9-9F538D9611D5}.Release|Any CPU.Build.0 = Release|Any CPU
		{9277539B-8792-4D6D-8B52-DBE784EE3B3A}.Debug|Any CPU.ActiveCfg = Debug|Any CPU
		{9277539B-8792-4D6D-8B52-DBE784EE3B3A}.Debug|Any CPU.Build.0 = Debug|Any CPU
		{9277539B-8792-4D6D-8B52-DBE784EE3B3A}.Release|Any CPU.ActiveCfg = Release|Any CPU
		{9277539B-8792-4D6D-8B52-DBE784EE3B3A}.Release|Any CPU.Build.0 = Release|Any CPU
		{A605E559-074C-4693-B4A3-5F939EFCFC4B}.Debug|Any CPU.ActiveCfg = Debug|Any CPU
		{A605E559-074C-4693-B4A3-5F939EFCFC4B}.Debug|Any CPU.Build.0 = Debug|Any CPU
		{A605E559-074C-4693-B4A3-5F939EFCFC4B}.Release|Any CPU.ActiveCfg = Release|Any CPU
		{A605E559-074C-4693-B4A3-5F939EFCFC4B}.Release|Any CPU.Build.0 = Release|Any CPU
	EndGlobalSection
	GlobalSection(SolutionProperties) = preSolution
		HideSolutionNode = FALSE
	EndGlobalSection
	GlobalSection(ProjectConfigurationPlatforms) = postSolution
		{15F7D0EB-635F-4259-88AC-D93E0E3B33F8}.Debug|Any CPU.ActiveCfg = Debug|Any CPU
		{15F7D0EB-635F-4259-88AC-D93E0E3B33F8}.Debug|Any CPU.Build.0 = Debug|Any CPU
		{15F7D0EB-635F-4259-88AC-D93E0E3B33F8}.Release|Any CPU.ActiveCfg = Release|Any CPU
		{15F7D0EB-635F-4259-88AC-D93E0E3B33F8}.Release|Any CPU.Build.0 = Release|Any CPU
		{1658292F-BAA8-49E1-8624-AAE5C3EAC6E4}.Debug|Any CPU.ActiveCfg = Debug|Any CPU
		{1658292F-BAA8-49E1-8624-AAE5C3EAC6E4}.Debug|Any CPU.Build.0 = Debug|Any CPU
		{1658292F-BAA8-49E1-8624-AAE5C3EAC6E4}.Release|Any CPU.ActiveCfg = Release|Any CPU
		{1658292F-BAA8-49E1-8624-AAE5C3EAC6E4}.Release|Any CPU.Build.0 = Release|Any CPU
		{4BB1045E-AAEE-4517-BABB-46BF547119D1}.Debug|Any CPU.ActiveCfg = Debug|Any CPU
		{4BB1045E-AAEE-4517-BABB-46BF547119D1}.Debug|Any CPU.Build.0 = Debug|Any CPU
		{4BB1045E-AAEE-4517-BABB-46BF547119D1}.Release|Any CPU.ActiveCfg = Release|Any CPU
		{4BB1045E-AAEE-4517-BABB-46BF547119D1}.Release|Any CPU.Build.0 = Release|Any CPU
		{7E969EF3-D364-4E68-BE53-E12105BFA68A}.Debug|Any CPU.ActiveCfg = Debug|Any CPU
		{7E969EF3-D364-4E68-BE53-E12105BFA68A}.Debug|Any CPU.Build.0 = Debug|Any CPU
		{7E969EF3-D364-4E68-BE53-E12105BFA68A}.Release|Any CPU.ActiveCfg = Release|Any CPU
		{7E969EF3-D364-4E68-BE53-E12105BFA68A}.Release|Any CPU.Build.0 = Release|Any CPU
		{73484314-58EF-4528-BCC4-964157C209D2}.Debug|Any CPU.ActiveCfg = Debug|Any CPU
		{73484314-58EF-4528-BCC4-964157C209D2}.Debug|Any CPU.Build.0 = Debug|Any CPU
		{73484314-58EF-4528-BCC4-964157C209D2}.Release|Any CPU.ActiveCfg = Release|Any CPU
		{73484314-58EF-4528-BCC4-964157C209D2}.Release|Any CPU.Build.0 = Release|Any CPU
		{E8A8557B-E8F6-4E4A-BCAE-0CC5248587FC}.Debug|Any CPU.ActiveCfg = Debug|Any CPU
		{E8A8557B-E8F6-4E4A-BCAE-0CC5248587FC}.Debug|Any CPU.Build.0 = Debug|Any CPU
		{E8A8557B-E8F6-4E4A-BCAE-0CC5248587FC}.Release|Any CPU.ActiveCfg = Release|Any CPU
		{E8A8557B-E8F6-4E4A-BCAE-0CC5248587FC}.Release|Any CPU.Build.0 = Release|Any CPU
		{D015AAEC-7AB1-448F-B00E-F9B77B0B1B9E}.Debug|Any CPU.ActiveCfg = Debug|Any CPU
		{D015AAEC-7AB1-448F-B00E-F9B77B0B1B9E}.Debug|Any CPU.Build.0 = Debug|Any CPU
		{D015AAEC-7AB1-448F-B00E-F9B77B0B1B9E}.Release|Any CPU.ActiveCfg = Release|Any CPU
		{D015AAEC-7AB1-448F-B00E-F9B77B0B1B9E}.Release|Any CPU.Build.0 = Release|Any CPU
	EndGlobalSection
	GlobalSection(NestedProjects) = preSolution
		{15F7D0EB-635F-4259-88AC-D93E0E3B33F8} = {E740D4A6-8680-47B2-8125-BD66D99913CC}
		{1658292F-BAA8-49E1-8624-AAE5C3EAC6E4} = {E740D4A6-8680-47B2-8125-BD66D99913CC}
		{4BB1045E-AAEE-4517-BABB-46BF547119D1} = {E740D4A6-8680-47B2-8125-BD66D99913CC}
		{7E969EF3-D364-4E68-BE53-E12105BFA68A} = {E740D4A6-8680-47B2-8125-BD66D99913CC}
		{73484314-58EF-4528-BCC4-964157C209D2} = {E740D4A6-8680-47B2-8125-BD66D99913CC}
		{E8A8557B-E8F6-4E4A-BCAE-0CC5248587FC} = {E740D4A6-8680-47B2-8125-BD66D99913CC}
		{D015AAEC-7AB1-448F-B00E-F9B77B0B1B9E} = {40036C80-C80F-42AE-9C9D-88BA08D98202}
	EndGlobalSection
EndGlobal
